Microsoft Visual Studio Solution File, Format Version 12.00
# Visual Studio 16
Project("{8BC9CEB8-8B4A-11D0-8D11-00A0C91BC942}") = "ALL_BUILD", "ALL_BUILD.vcxproj", "{CCB20BCB-367C-365B-BFCA-D928A5A3B26D}"
	ProjectSection(ProjectDependencies) = postProject
		{341654A1-4984-3F9C-8BEB-B15EC7782D05} = {341654A1-4984-3F9C-8BEB-B15EC7782D05}
		{DD6533E0-F361-3B4C-929C-B2CFA5A338D4} = {DD6533E0-F361-3B4C-929C-B2CFA5A338D4}
		{1ED45A88-CC5F-3874-B8F6-091290E9AB2E} = {1ED45A88-CC5F-3874-B8F6-091290E9AB2E}
		{F2ABA313-C4E2-3537-94E7-8678ACA510DD} = {F2ABA313-C4E2-3537-94E7-8678ACA510DD}
		{FA555744-78A1-3E15-9F9A-C104550B60B6} = {FA555744-78A1-3E15-9F9A-C104550B60B6}
		{5E19FC2F-6B50-375B-8177-5B7FE15EB9D3} = {5E19FC2F-6B50-375B-8177-5B7FE15EB9D3}
		{6189DCEA-567A-3841-86FD-9307E63E622E} = {6189DCEA-567A-3841-86FD-9307E63E622E}
	EndProjectSection
EndProject
Project("{8BC9CEB8-8B4A-11D0-8D11-00A0C91BC942}") = "INSTALL", "INSTALL.vcxproj", "{A6176122-0FE8-34EC-9C9F-C6D29EACDE8E}"
	ProjectSection(ProjectDependencies) = postProject
		{CCB20BCB-367C-365B-BFCA-D928A5A3B26D} = {CCB20BCB-367C-365B-BFCA-D928A5A3B26D}
		{DD6533E0-F361-3B4C-929C-B2CFA5A338D4} = {DD6533E0-F361-3B4C-929C-B2CFA5A338D4}
	EndProjectSection
EndProject
Project("{8BC9CEB8-8B4A-11D0-8D11-00A0C91BC942}") = "IrrXML", "contrib\irrXML\IrrXML.vcxproj", "{341654A1-4984-3F9C-8BEB-B15EC7782D05}"
	ProjectSection(ProjectDependencies) = postProject
		{DD6533E0-F361-3B4C-929C-B2CFA5A338D4} = {DD6533E0-F361-3B4C-929C-B2CFA5A338D4}
	EndProjectSection
EndProject
Project("{8BC9CEB8-8B4A-11D0-8D11-00A0C91BC942}") = "UpdateAssimpLibsDebugSymbolsAndDLLs", "UpdateAssimpLibsDebugSymbolsAndDLLs.vcxproj", "{CACDEEBA-AFC2-3C74-905B-55DC10EC0545}"
	ProjectSection(ProjectDependencies) = postProject
		{DD6533E0-F361-3B4C-929C-B2CFA5A338D4} = {DD6533E0-F361-3B4C-929C-B2CFA5A338D4}
	EndProjectSection
EndProject
Project("{8BC9CEB8-8B4A-11D0-8D11-00A0C91BC942}") = "ZERO_CHECK", "ZERO_CHECK.vcxproj", "{DD6533E0-F361-3B4C-929C-B2CFA5A338D4}"
	ProjectSection(ProjectDependencies) = postProject
	EndProjectSection
EndProject
Project("{8BC9CEB8-8B4A-11D0-8D11-00A0C91BC942}") = "assimp", "code\assimp.vcxproj", "{1ED45A88-CC5F-3874-B8F6-091290E9AB2E}"
	ProjectSection(ProjectDependencies) = postProject
		{341654A1-4984-3F9C-8BEB-B15EC7782D05} = {341654A1-4984-3F9C-8BEB-B15EC7782D05}
		{DD6533E0-F361-3B4C-929C-B2CFA5A338D4} = {DD6533E0-F361-3B4C-929C-B2CFA5A338D4}
		{6189DCEA-567A-3841-86FD-9307E63E622E} = {6189DCEA-567A-3841-86FD-9307E63E622E}
	EndProjectSection
EndProject
Project("{8BC9CEB8-8B4A-11D0-8D11-00A0C91BC942}") = "assimp_cmd", "tools\assimp_cmd\assimp_cmd.vcxproj", "{F2ABA313-C4E2-3537-94E7-8678ACA510DD}"
	ProjectSection(ProjectDependencies) = postProject
		{341654A1-4984-3F9C-8BEB-B15EC7782D05} = {341654A1-4984-3F9C-8BEB-B15EC7782D05}
		{DD6533E0-F361-3B4C-929C-B2CFA5A338D4} = {DD6533E0-F361-3B4C-929C-B2CFA5A338D4}
		{1ED45A88-CC5F-3874-B8F6-091290E9AB2E} = {1ED45A88-CC5F-3874-B8F6-091290E9AB2E}
		{6189DCEA-567A-3841-86FD-9307E63E622E} = {6189DCEA-567A-3841-86FD-9307E63E622E}
	EndProjectSection
EndProject
Project("{8BC9CEB8-8B4A-11D0-8D11-00A0C91BC942}") = "uninstall", "uninstall.vcxproj", "{8458B79B-AB5E-3EEE-9A2D-A6F05F6AE67A}"
	ProjectSection(ProjectDependencies) = postProject
		{DD6533E0-F361-3B4C-929C-B2CFA5A338D4} = {DD6533E0-F361-3B4C-929C-B2CFA5A338D4}
	EndProjectSection
EndProject
Project("{8BC9CEB8-8B4A-11D0-8D11-00A0C91BC942}") = "unit", "test\unit.vcxproj", "{FA555744-78A1-3E15-9F9A-C104550B60B6}"
	ProjectSection(ProjectDependencies) = postProject
		{341654A1-4984-3F9C-8BEB-B15EC7782D05} = {341654A1-4984-3F9C-8BEB-B15EC7782D05}
		{DD6533E0-F361-3B4C-929C-B2CFA5A338D4} = {DD6533E0-F361-3B4C-929C-B2CFA5A338D4}
		{1ED45A88-CC5F-3874-B8F6-091290E9AB2E} = {1ED45A88-CC5F-3874-B8F6-091290E9AB2E}
		{6189DCEA-567A-3841-86FD-9307E63E622E} = {6189DCEA-567A-3841-86FD-9307E63E622E}
	EndProjectSection
EndProject
Project("{8BC9CEB8-8B4A-11D0-8D11-00A0C91BC942}") = "zlib", "contrib\zlib\zlib.vcxproj", "{5E19FC2F-6B50-375B-8177-5B7FE15EB9D3}"
	ProjectSection(ProjectDependencies) = postProject
		{DD6533E0-F361-3B4C-929C-B2CFA5A338D4} = {DD6533E0-F361-3B4C-929C-B2CFA5A338D4}
	EndProjectSection
EndProject
Project("{8BC9CEB8-8B4A-11D0-8D11-00A0C91BC942}") = "zlibstatic", "contrib\zlib\zlibstatic.vcxproj", "{6189DCEA-567A-3841-86FD-9307E63E622E}"
	ProjectSection(ProjectDependencies) = postProject
		{DD6533E0-F361-3B4C-929C-B2CFA5A338D4} = {DD6533E0-F361-3B4C-929C-B2CFA5A338D4}
	EndProjectSection
EndProject
Global
	GlobalSection(SolutionConfigurationPlatforms) = preSolution
		Debug|x64 = Debug|x64
		Release|x64 = Release|x64
		MinSizeRel|x64 = MinSizeRel|x64
		RelWithDebInfo|x64 = RelWithDebInfo|x64
	EndGlobalSection
	GlobalSection(ProjectConfigurationPlatforms) = postSolution
		{CCB20BCB-367C-365B-BFCA-D928A5A3B26D}.Debug|x64.ActiveCfg = Debug|x64
		{CCB20BCB-367C-365B-BFCA-D928A5A3B26D}.Debug|x64.Build.0 = Debug|x64
		{CCB20BCB-367C-365B-BFCA-D928A5A3B26D}.Release|x64.ActiveCfg = Release|x64
		{CCB20BCB-367C-365B-BFCA-D928A5A3B26D}.Release|x64.Build.0 = Release|x64
		{CCB20BCB-367C-365B-BFCA-D928A5A3B26D}.MinSizeRel|x64.ActiveCfg = MinSizeRel|x64
		{CCB20BCB-367C-365B-BFCA-D928A5A3B26D}.MinSizeRel|x64.Build.0 = MinSizeRel|x64
		{CCB20BCB-367C-365B-BFCA-D928A5A3B26D}.RelWithDebInfo|x64.ActiveCfg = RelWithDebInfo|x64
		{CCB20BCB-367C-365B-BFCA-D928A5A3B26D}.RelWithDebInfo|x64.Build.0 = RelWithDebInfo|x64
		{A6176122-0FE8-34EC-9C9F-C6D29EACDE8E}.Debug|x64.ActiveCfg = Debug|x64
		{A6176122-0FE8-34EC-9C9F-C6D29EACDE8E}.Release|x64.ActiveCfg = Release|x64
		{A6176122-0FE8-34EC-9C9F-C6D29EACDE8E}.MinSizeRel|x64.ActiveCfg = MinSizeRel|x64
		{A6176122-0FE8-34EC-9C9F-C6D29EACDE8E}.RelWithDebInfo|x64.ActiveCfg = RelWithDebInfo|x64
		{341654A1-4984-3F9C-8BEB-B15EC7782D05}.Debug|x64.ActiveCfg = Debug|x64
		{341654A1-4984-3F9C-8BEB-B15EC7782D05}.Debug|x64.Build.0 = Debug|x64
		{341654A1-4984-3F9C-8BEB-B15EC7782D05}.Release|x64.ActiveCfg = Release|x64
		{341654A1-4984-3F9C-8BEB-B15EC7782D05}.Release|x64.Build.0 = Release|x64
		{341654A1-4984-3F9C-8BEB-B15EC7782D05}.MinSizeRel|x64.ActiveCfg = MinSizeRel|x64
		{341654A1-4984-3F9C-8BEB-B15EC7782D05}.MinSizeRel|x64.Build.0 = MinSizeRel|x64
		{341654A1-4984-3F9C-8BEB-B15EC7782D05}.RelWithDebInfo|x64.ActiveCfg = RelWithDebInfo|x64
		{341654A1-4984-3F9C-8BEB-B15EC7782D05}.RelWithDebInfo|x64.Build.0 = RelWithDebInfo|x64
		{CACDEEBA-AFC2-3C74-905B-55DC10EC0545}.Debug|x64.ActiveCfg = Debug|x64
		{CACDEEBA-AFC2-3C74-905B-55DC10EC0545}.Release|x64.ActiveCfg = Release|x64
		{CACDEEBA-AFC2-3C74-905B-55DC10EC0545}.MinSizeRel|x64.ActiveCfg = MinSizeRel|x64
		{CACDEEBA-AFC2-3C74-905B-55DC10EC0545}.RelWithDebInfo|x64.ActiveCfg = RelWithDebInfo|x64
		{DD6533E0-F361-3B4C-929C-B2CFA5A338D4}.Debug|x64.ActiveCfg = Debug|x64
		{DD6533E0-F361-3B4C-929C-B2CFA5A338D4}.Debug|x64.Build.0 = Debug|x64
		{DD6533E0-F361-3B4C-929C-B2CFA5A338D4}.Release|x64.ActiveCfg = Release|x64
		{DD6533E0-F361-3B4C-929C-B2CFA5A338D4}.Release|x64.Build.0 = Release|x64
		{DD6533E0-F361-3B4C-929C-B2CFA5A338D4}.MinSizeRel|x64.ActiveCfg = MinSizeRel|x64
		{DD6533E0-F361-3B4C-929C-B2CFA5A338D4}.MinSizeRel|x64.Build.0 = MinSizeRel|x64
		{DD6533E0-F361-3B4C-929C-B2CFA5A338D4}.RelWithDebInfo|x64.ActiveCfg = RelWithDebInfo|x64
		{DD6533E0-F361-3B4C-929C-B2CFA5A338D4}.RelWithDebInfo|x64.Build.0 = RelWithDebInfo|x64
		{1ED45A88-CC5F-3874-B8F6-091290E9AB2E}.Debug|x64.ActiveCfg = Debug|x64
		{1ED45A88-CC5F-3874-B8F6-091290E9AB2E}.Debug|x64.Build.0 = Debug|x64
		{1ED45A88-CC5F-3874-B8F6-091290E9AB2E}.Release|x64.ActiveCfg = Release|x64
		{1ED45A88-CC5F-3874-B8F6-091290E9AB2E}.Release|x64.Build.0 = Release|x64
		{1ED45A88-CC5F-3874-B8F6-091290E9AB2E}.MinSizeRel|x64.ActiveCfg = MinSizeRel|x64
		{1ED45A88-CC5F-3874-B8F6-091290E9AB2E}.MinSizeRel|x64.Build.0 = MinSizeRel|x64
		{1ED45A88-CC5F-3874-B8F6-091290E9AB2E}.RelWithDebInfo|x64.ActiveCfg = RelWithDebInfo|x64
		{1ED45A88-CC5F-3874-B8F6-091290E9AB2E}.RelWithDebInfo|x64.Build.0 = RelWithDebInfo|x64
		{F2ABA313-C4E2-3537-94E7-8678ACA510DD}.Debug|x64.ActiveCfg = Debug|x64
		{F2ABA313-C4E2-3537-94E7-8678ACA510DD}.Debug|x64.Build.0 = Debug|x64
		{F2ABA313-C4E2-3537-94E7-8678ACA510DD}.Release|x64.ActiveCfg = Release|x64
		{F2ABA313-C4E2-3537-94E7-8678ACA510DD}.Release|x64.Build.0 = Release|x64
		{F2ABA313-C4E2-3537-94E7-8678ACA510DD}.MinSizeRel|x64.ActiveCfg = MinSizeRel|x64
		{F2ABA313-C4E2-3537-94E7-8678ACA510DD}.MinSizeRel|x64.Build.0 = MinSizeRel|x64
		{F2ABA313-C4E2-3537-94E7-8678ACA510DD}.RelWithDebInfo|x64.ActiveCfg = RelWithDebInfo|x64
		{F2ABA313-C4E2-3537-94E7-8678ACA510DD}.RelWithDebInfo|x64.Build.0 = RelWithDebInfo|x64
		{8458B79B-AB5E-3EEE-9A2D-A6F05F6AE67A}.Debug|x64.ActiveCfg = Debug|x64
		{8458B79B-AB5E-3EEE-9A2D-A6F05F6AE67A}.Release|x64.ActiveCfg = Release|x64
		{8458B79B-AB5E-3EEE-9A2D-A6F05F6AE67A}.MinSizeRel|x64.ActiveCfg = MinSizeRel|x64
		{8458B79B-AB5E-3EEE-9A2D-A6F05F6AE67A}.RelWithDebInfo|x64.ActiveCfg = RelWithDebInfo|x64
		{FA555744-78A1-3E15-9F9A-C104550B60B6}.Debug|x64.ActiveCfg = Debug|x64
		{FA555744-78A1-3E15-9F9A-C104550B60B6}.Debug|x64.Build.0 = Debug|x64
		{FA555744-78A1-3E15-9F9A-C104550B60B6}.Release|x64.ActiveCfg = Release|x64
		{FA555744-78A1-3E15-9F9A-C104550B60B6}.Release|x64.Build.0 = Release|x64
		{FA555744-78A1-3E15-9F9A-C104550B60B6}.MinSizeRel|x64.ActiveCfg = MinSizeRel|x64
		{FA555744-78A1-3E15-9F9A-C104550B60B6}.MinSizeRel|x64.Build.0 = MinSizeRel|x64
		{FA555744-78A1-3E15-9F9A-C104550B60B6}.RelWithDebInfo|x64.ActiveCfg = RelWithDebInfo|x64
		{FA555744-78A1-3E15-9F9A-C104550B60B6}.RelWithDebInfo|x64.Build.0 = RelWithDebInfo|x64
		{5E19FC2F-6B50-375B-8177-5B7FE15EB9D3}.Debug|x64.ActiveCfg = Debug|x64
		{5E19FC2F-6B50-375B-8177-5B7FE15EB9D3}.Debug|x64.Build.0 = Debug|x64
		{5E19FC2F-6B50-375B-8177-5B7FE15EB9D3}.Release|x64.ActiveCfg = Release|x64
		{5E19FC2F-6B50-375B-8177-5B7FE15EB9D3}.Release|x64.Build.0 = Release|x64
		{5E19FC2F-6B50-375B-8177-5B7FE15EB9D3}.MinSizeRel|x64.ActiveCfg = MinSizeRel|x64
		{5E19FC2F-6B50-375B-8177-5B7FE15EB9D3}.MinSizeRel|x64.Build.0 = MinSizeRel|x64
		{5E19FC2F-6B50-375B-8177-5B7FE15EB9D3}.RelWithDebInfo|x64.ActiveCfg = RelWithDebInfo|x64
		{5E19FC2F-6B50-375B-8177-5B7FE15EB9D3}.RelWithDebInfo|x64.Build.0 = RelWithDebInfo|x64
		{6189DCEA-567A-3841-86FD-9307E63E622E}.Debug|x64.ActiveCfg = Debug|x64
		{6189DCEA-567A-3841-86FD-9307E63E622E}.Debug|x64.Build.0 = Debug|x64
		{6189DCEA-567A-3841-86FD-9307E63E622E}.Release|x64.ActiveCfg = Release|x64
		{6189DCEA-567A-3841-86FD-9307E63E622E}.Release|x64.Build.0 = Release|x64
		{6189DCEA-567A-3841-86FD-9307E63E622E}.MinSizeRel|x64.ActiveCfg = MinSizeRel|x64
		{6189DCEA-567A-3841-86FD-9307E63E622E}.MinSizeRel|x64.Build.0 = MinSizeRel|x64
		{6189DCEA-567A-3841-86FD-9307E63E622E}.RelWithDebInfo|x64.ActiveCfg = RelWithDebInfo|x64
		{6189DCEA-567A-3841-86FD-9307E63E622E}.RelWithDebInfo|x64.Build.0 = RelWithDebInfo|x64
	EndGlobalSection
	GlobalSection(ExtensibilityGlobals) = postSolution
		SolutionGuid = {7284967A-5D1F-3250-BB3D-B17F6AB42A05}
	EndGlobalSection
	GlobalSection(ExtensibilityAddIns) = postSolution
	EndGlobalSection
EndGlobal
