<?xml version="1.0" encoding="utf-8"?>
<Project ToolsVersion="16.0" xmlns="http://schemas.microsoft.com/developer/msbuild/2003">
  <ItemGroup>
    <CustomBuild Include="D:\LearnOpenGL\include\temp\CMakeFiles\6eeee4347c3c431720a6d163aa6185a6\uninstall.rule">
      <Filter>CMake Rules</Filter>
    </CustomBuild>
    <CustomBuild Include="D:\Downlode\assimp-5.0.1 (1)\assimp-5.0.1\CMakeLists.txt" />
  </ItemGroup>
  <ItemGroup>
    <None Include="D:\LearnOpenGL\include\temp\CMakeFiles\uninstall" />
  </ItemGroup>
  <ItemGroup>
    <Filter Include="CMake Rules">
      <UniqueIdentifier>{B3644E10-2177-3D72-9FA7-4CAD9FDF433D}</UniqueIdentifier>
    </Filter>
  </ItemGroup>
</Project>
