
Microsoft Visual Studio Solution File, Format Version 12.00
# Visual Studio 15
VisualStudioVersion = 15.0.28307.2092
MinimumVisualStudioVersion = 10.0.40219.1
Project("{8BC9CEB8-8B4A-11D0-8D11-00A0C91BC942}") = "Window", "Window\Window.vcxproj", "{EC44BC04-699F-4C8A-BFAD-04E7C9B1984D}"
EndProject
Project("{8BC9CEB8-8B4A-11D0-8D11-00A0C91BC942}") = "Triangle", "Triangle\Triangle.vcxproj", "{8632E6FE-F965-49CE-BEDA-36CBEA8E87BB}"
EndProject
Project("{8BC9CEB8-8B4A-11D0-8D11-00A0C91BC942}") = "Rectangle", "Rectangle\Rectangle.vcxproj", "{771604FC-03DB-457E-AA16-8CE19BB3694E}"
EndProject
Project("{8BC9CEB8-8B4A-11D0-8D11-00A0C91BC942}") = "Shader", "Shader\Shader.vcxproj", "{B7511794-EA1A-4AEA-B6D3-C43C42E15FA0}"
EndProject
Project("{8BC9CEB8-8B4A-11D0-8D11-00A0C91BC942}") = "Texture", "Texture\Texture.vcxproj", "{7B6E85AF-8D90-4EE1-82D9-8CCC416072C6}"
EndProject
Project("{8BC9CEB8-8B4A-11D0-8D11-00A0C91BC942}") = "Transform", "Transform\Transform.vcxproj", "{0E0E079C-E222-414C-857F-2139B8D7E55E}"
EndProject
Project("{8BC9CEB8-8B4A-11D0-8D11-00A0C91BC942}") = "Camera", "Camera\Camera.vcxproj", "{361B638F-615E-4BF2-A44D-67AF53A1C5A7}"
EndProject
Project("{8BC9CEB8-8B4A-11D0-8D11-00A0C91BC942}") = "Light", "Light\Light.vcxproj", "{FCE1179D-4A19-4CD2-A6B0-26F2506E040C}"
EndProject
Project("{8BC9CEB8-8B4A-11D0-8D11-00A0C91BC942}") = "Material", "Material\Material.vcxproj", "{898E3FFB-85EB-49CF-B2BF-58F6BAFF8738}"
EndProject
Project("{8BC9CEB8-8B4A-11D0-8D11-00A0C91BC942}") = "LightingMap", "LightingMap\LightingMap.vcxproj", "{18D241FE-4062-43F6-B89D-950C36453ADA}"
EndProject
Project("{8BC9CEB8-8B4A-11D0-8D11-00A0C91BC942}") = "LightCaster", "LightCaster\LightCaster.vcxproj", "{55BA5D8F-1A8E-4B3C-8FDF-3169F55CC0E2}"
EndProject
Project("{8BC9CEB8-8B4A-11D0-8D11-00A0C91BC942}") = "MultiLight", "MultiLight\MultiLight.vcxproj", "{53E02739-E5EE-4A37-A585-2AFDF915A336}"
EndProject
Project("{8BC9CEB8-8B4A-11D0-8D11-00A0C91BC942}") = "Model", "Model\Model.vcxproj", "{71042679-7FAB-4363-8D83-79725DF1634F}"
EndProject
Project("{8BC9CEB8-8B4A-11D0-8D11-00A0C91BC942}") = "KeyFrameAnimation", "KeyFrameAnimation\KeyFrameAnimation.vcxproj", "{00B77F88-6D7E-4456-AB21-3A14866C9F37}"
EndProject
Project("{8BC9CEB8-8B4A-11D0-8D11-00A0C91BC942}") = "Arcball", "Arcball\Arcball.vcxproj", "{2CC96A77-E084-4128-B087-8D01C89DCE03}"
EndProject
Project("{8BC9CEB8-8B4A-11D0-8D11-00A0C91BC942}") = "CharacterAnimation", "CharacterAnimation\CharacterAnimation.vcxproj", "{8D519FDE-3997-452F-B014-736F4A5DE5D9}"
EndProject
Project("{8BC9CEB8-8B4A-11D0-8D11-00A0C91BC942}") = "CubeMap", "CubeMap\CubeMap.vcxproj", "{D6FF4BD8-40FB-46EE-AAEF-D34742311A57}"
EndProject
Project("{8BC9CEB8-8B4A-11D0-8D11-00A0C91BC942}") = "Particle", "Particle\Particle.vcxproj", "{39830516-EE7A-42D6-88C1-AF2D89DE4832}"
EndProject
Global
	GlobalSection(SolutionConfigurationPlatforms) = preSolution
		Debug|x64 = Debug|x64
		Debug|x86 = Debug|x86
		Release|x64 = Release|x64
		Release|x86 = Release|x86
	EndGlobalSection
	GlobalSection(ProjectConfigurationPlatforms) = postSolution
		{EC44BC04-699F-4C8A-BFAD-04E7C9B1984D}.Debug|x64.ActiveCfg = Debug|x64
		{EC44BC04-699F-4C8A-BFAD-04E7C9B1984D}.Debug|x64.Build.0 = Debug|x64
		{EC44BC04-699F-4C8A-BFAD-04E7C9B1984D}.Debug|x86.ActiveCfg = Debug|Win32
		{EC44BC04-699F-4C8A-BFAD-04E7C9B1984D}.Debug|x86.Build.0 = Debug|Win32
		{EC44BC04-699F-4C8A-BFAD-04E7C9B1984D}.Release|x64.ActiveCfg = Release|x64
		{EC44BC04-699F-4C8A-BFAD-04E7C9B1984D}.Release|x64.Build.0 = Release|x64
		{EC44BC04-699F-4C8A-BFAD-04E7C9B1984D}.Release|x86.ActiveCfg = Release|Win32
		{EC44BC04-699F-4C8A-BFAD-04E7C9B1984D}.Release|x86.Build.0 = Release|Win32
		{8632E6FE-F965-49CE-BEDA-36CBEA8E87BB}.Debug|x64.ActiveCfg = Debug|x64
		{8632E6FE-F965-49CE-BEDA-36CBEA8E87BB}.Debug|x64.Build.0 = Debug|x64
		{8632E6FE-F965-49CE-BEDA-36CBEA8E87BB}.Debug|x86.ActiveCfg = Debug|Win32
		{8632E6FE-F965-49CE-BEDA-36CBEA8E87BB}.Debug|x86.Build.0 = Debug|Win32
		{8632E6FE-F965-49CE-BEDA-36CBEA8E87BB}.Release|x64.ActiveCfg = Release|x64
		{8632E6FE-F965-49CE-BEDA-36CBEA8E87BB}.Release|x64.Build.0 = Release|x64
		{8632E6FE-F965-49CE-BEDA-36CBEA8E87BB}.Release|x86.ActiveCfg = Release|Win32
		{8632E6FE-F965-49CE-BEDA-36CBEA8E87BB}.Release|x86.Build.0 = Release|Win32
		{771604FC-03DB-457E-AA16-8CE19BB3694E}.Debug|x64.ActiveCfg = Debug|x64
		{771604FC-03DB-457E-AA16-8CE19BB3694E}.Debug|x64.Build.0 = Debug|x64
		{771604FC-03DB-457E-AA16-8CE19BB3694E}.Debug|x86.ActiveCfg = Debug|Win32
		{771604FC-03DB-457E-AA16-8CE19BB3694E}.Debug|x86.Build.0 = Debug|Win32
		{771604FC-03DB-457E-AA16-8CE19BB3694E}.Release|x64.ActiveCfg = Release|x64
		{771604FC-03DB-457E-AA16-8CE19BB3694E}.Release|x64.Build.0 = Release|x64
		{771604FC-03DB-457E-AA16-8CE19BB3694E}.Release|x86.ActiveCfg = Release|Win32
		{771604FC-03DB-457E-AA16-8CE19BB3694E}.Release|x86.Build.0 = Release|Win32
		{B7511794-EA1A-4AEA-B6D3-C43C42E15FA0}.Debug|x64.ActiveCfg = Debug|x64
		{B7511794-EA1A-4AEA-B6D3-C43C42E15FA0}.Debug|x64.Build.0 = Debug|x64
		{B7511794-EA1A-4AEA-B6D3-C43C42E15FA0}.Debug|x86.ActiveCfg = Debug|Win32
		{B7511794-EA1A-4AEA-B6D3-C43C42E15FA0}.Debug|x86.Build.0 = Debug|Win32
		{B7511794-EA1A-4AEA-B6D3-C43C42E15FA0}.Release|x64.ActiveCfg = Release|x64
		{B7511794-EA1A-4AEA-B6D3-C43C42E15FA0}.Release|x64.Build.0 = Release|x64
		{B7511794-EA1A-4AEA-B6D3-C43C42E15FA0}.Release|x86.ActiveCfg = Release|Win32
		{B7511794-EA1A-4AEA-B6D3-C43C42E15FA0}.Release|x86.Build.0 = Release|Win32
		{7B6E85AF-8D90-4EE1-82D9-8CCC416072C6}.Debug|x64.ActiveCfg = Debug|x64
		{7B6E85AF-8D90-4EE1-82D9-8CCC416072C6}.Debug|x64.Build.0 = Debug|x64
		{7B6E85AF-8D90-4EE1-82D9-8CCC416072C6}.Debug|x86.ActiveCfg = Debug|Win32
		{7B6E85AF-8D90-4EE1-82D9-8CCC416072C6}.Debug|x86.Build.0 = Debug|Win32
		{7B6E85AF-8D90-4EE1-82D9-8CCC416072C6}.Release|x64.ActiveCfg = Release|x64
		{7B6E85AF-8D90-4EE1-82D9-8CCC416072C6}.Release|x64.Build.0 = Release|x64
		{7B6E85AF-8D90-4EE1-82D9-8CCC416072C6}.Release|x86.ActiveCfg = Release|Win32
		{7B6E85AF-8D90-4EE1-82D9-8CCC416072C6}.Release|x86.Build.0 = Release|Win32
		{0E0E079C-E222-414C-857F-2139B8D7E55E}.Debug|x64.ActiveCfg = Debug|x64
		{0E0E079C-E222-414C-857F-2139B8D7E55E}.Debug|x64.Build.0 = Debug|x64
		{0E0E079C-E222-414C-857F-2139B8D7E55E}.Debug|x86.ActiveCfg = Debug|Win32
		{0E0E079C-E222-414C-857F-2139B8D7E55E}.Debug|x86.Build.0 = Debug|Win32
		{0E0E079C-E222-414C-857F-2139B8D7E55E}.Release|x64.ActiveCfg = Release|x64
		{0E0E079C-E222-414C-857F-2139B8D7E55E}.Release|x64.Build.0 = Release|x64
		{0E0E079C-E222-414C-857F-2139B8D7E55E}.Release|x86.ActiveCfg = Release|Win32
		{0E0E079C-E222-414C-857F-2139B8D7E55E}.Release|x86.Build.0 = Release|Win32
		{361B638F-615E-4BF2-A44D-67AF53A1C5A7}.Debug|x64.ActiveCfg = Debug|x64
		{361B638F-615E-4BF2-A44D-67AF53A1C5A7}.Debug|x64.Build.0 = Debug|x64
		{361B638F-615E-4BF2-A44D-67AF53A1C5A7}.Debug|x86.ActiveCfg = Debug|Win32
		{361B638F-615E-4BF2-A44D-67AF53A1C5A7}.Debug|x86.Build.0 = Debug|Win32
		{361B638F-615E-4BF2-A44D-67AF53A1C5A7}.Release|x64.ActiveCfg = Release|x64
		{361B638F-615E-4BF2-A44D-67AF53A1C5A7}.Release|x64.Build.0 = Release|x64
		{361B638F-615E-4BF2-A44D-67AF53A1C5A7}.Release|x86.ActiveCfg = Release|Win32
		{361B638F-615E-4BF2-A44D-67AF53A1C5A7}.Release|x86.Build.0 = Release|Win32
		{FCE1179D-4A19-4CD2-A6B0-26F2506E040C}.Debug|x64.ActiveCfg = Debug|x64
		{FCE1179D-4A19-4CD2-A6B0-26F2506E040C}.Debug|x64.Build.0 = Debug|x64
		{FCE1179D-4A19-4CD2-A6B0-26F2506E040C}.Debug|x86.ActiveCfg = Debug|Win32
		{FCE1179D-4A19-4CD2-A6B0-26F2506E040C}.Debug|x86.Build.0 = Debug|Win32
		{FCE1179D-4A19-4CD2-A6B0-26F2506E040C}.Release|x64.ActiveCfg = Release|x64
		{FCE1179D-4A19-4CD2-A6B0-26F2506E040C}.Release|x64.Build.0 = Release|x64
		{FCE1179D-4A19-4CD2-A6B0-26F2506E040C}.Release|x86.ActiveCfg = Release|Win32
		{FCE1179D-4A19-4CD2-A6B0-26F2506E040C}.Release|x86.Build.0 = Release|Win32
		{898E3FFB-85EB-49CF-B2BF-58F6BAFF8738}.Debug|x64.ActiveCfg = Debug|x64
		{898E3FFB-85EB-49CF-B2BF-58F6BAFF8738}.Debug|x64.Build.0 = Debug|x64
		{898E3FFB-85EB-49CF-B2BF-58F6BAFF8738}.Debug|x86.ActiveCfg = Debug|Win32
		{898E3FFB-85EB-49CF-B2BF-58F6BAFF8738}.Debug|x86.Build.0 = Debug|Win32
		{898E3FFB-85EB-49CF-B2BF-58F6BAFF8738}.Release|x64.ActiveCfg = Release|x64
		{898E3FFB-85EB-49CF-B2BF-58F6BAFF8738}.Release|x64.Build.0 = Release|x64
		{898E3FFB-85EB-49CF-B2BF-58F6BAFF8738}.Release|x86.ActiveCfg = Release|Win32
		{898E3FFB-85EB-49CF-B2BF-58F6BAFF8738}.Release|x86.Build.0 = Release|Win32
		{18D241FE-4062-43F6-B89D-950C36453ADA}.Debug|x64.ActiveCfg = Debug|x64
		{18D241FE-4062-43F6-B89D-950C36453ADA}.Debug|x64.Build.0 = Debug|x64
		{18D241FE-4062-43F6-B89D-950C36453ADA}.Debug|x86.ActiveCfg = Debug|Win32
		{18D241FE-4062-43F6-B89D-950C36453ADA}.Debug|x86.Build.0 = Debug|Win32
		{18D241FE-4062-43F6-B89D-950C36453ADA}.Release|x64.ActiveCfg = Release|x64
		{18D241FE-4062-43F6-B89D-950C36453ADA}.Release|x64.Build.0 = Release|x64
		{18D241FE-4062-43F6-B89D-950C36453ADA}.Release|x86.ActiveCfg = Release|Win32
		{18D241FE-4062-43F6-B89D-950C36453ADA}.Release|x86.Build.0 = Release|Win32
		{55BA5D8F-1A8E-4B3C-8FDF-3169F55CC0E2}.Debug|x64.ActiveCfg = Debug|x64
		{55BA5D8F-1A8E-4B3C-8FDF-3169F55CC0E2}.Debug|x64.Build.0 = Debug|x64
		{55BA5D8F-1A8E-4B3C-8FDF-3169F55CC0E2}.Debug|x86.ActiveCfg = Debug|Win32
		{55BA5D8F-1A8E-4B3C-8FDF-3169F55CC0E2}.Debug|x86.Build.0 = Debug|Win32
		{55BA5D8F-1A8E-4B3C-8FDF-3169F55CC0E2}.Release|x64.ActiveCfg = Release|x64
		{55BA5D8F-1A8E-4B3C-8FDF-3169F55CC0E2}.Release|x64.Build.0 = Release|x64
		{55BA5D8F-1A8E-4B3C-8FDF-3169F55CC0E2}.Release|x86.ActiveCfg = Release|Win32
		{55BA5D8F-1A8E-4B3C-8FDF-3169F55CC0E2}.Release|x86.Build.0 = Release|Win32
		{53E02739-E5EE-4A37-A585-2AFDF915A336}.Debug|x64.ActiveCfg = Debug|x64
		{53E02739-E5EE-4A37-A585-2AFDF915A336}.Debug|x64.Build.0 = Debug|x64
		{53E02739-E5EE-4A37-A585-2AFDF915A336}.Debug|x86.ActiveCfg = Debug|Win32
		{53E02739-E5EE-4A37-A585-2AFDF915A336}.Debug|x86.Build.0 = Debug|Win32
		{53E02739-E5EE-4A37-A585-2AFDF915A336}.Release|x64.ActiveCfg = Release|x64
		{53E02739-E5EE-4A37-A585-2AFDF915A336}.Release|x64.Build.0 = Release|x64
		{53E02739-E5EE-4A37-A585-2AFDF915A336}.Release|x86.ActiveCfg = Release|Win32
		{53E02739-E5EE-4A37-A585-2AFDF915A336}.Release|x86.Build.0 = Release|Win32
		{71042679-7FAB-4363-8D83-79725DF1634F}.Debug|x64.ActiveCfg = Debug|x64
		{71042679-7FAB-4363-8D83-79725DF1634F}.Debug|x64.Build.0 = Debug|x64
		{71042679-7FAB-4363-8D83-79725DF1634F}.Debug|x86.ActiveCfg = Debug|Win32
		{71042679-7FAB-4363-8D83-79725DF1634F}.Debug|x86.Build.0 = Debug|Win32
		{71042679-7FAB-4363-8D83-79725DF1634F}.Release|x64.ActiveCfg = Release|x64
		{71042679-7FAB-4363-8D83-79725DF1634F}.Release|x64.Build.0 = Release|x64
		{71042679-7FAB-4363-8D83-79725DF1634F}.Release|x86.ActiveCfg = Release|Win32
		{71042679-7FAB-4363-8D83-79725DF1634F}.Release|x86.Build.0 = Release|Win32
		{00B77F88-6D7E-4456-AB21-3A14866C9F37}.Debug|x64.ActiveCfg = Debug|x64
		{00B77F88-6D7E-4456-AB21-3A14866C9F37}.Debug|x64.Build.0 = Debug|x64
		{00B77F88-6D7E-4456-AB21-3A14866C9F37}.Debug|x86.ActiveCfg = Debug|Win32
		{00B77F88-6D7E-4456-AB21-3A14866C9F37}.Debug|x86.Build.0 = Debug|Win32
		{00B77F88-6D7E-4456-AB21-3A14866C9F37}.Release|x64.ActiveCfg = Release|x64
		{00B77F88-6D7E-4456-AB21-3A14866C9F37}.Release|x64.Build.0 = Release|x64
		{00B77F88-6D7E-4456-AB21-3A14866C9F37}.Release|x86.ActiveCfg = Release|Win32
		{00B77F88-6D7E-4456-AB21-3A14866C9F37}.Release|x86.Build.0 = Release|Win32
		{2CC96A77-E084-4128-B087-8D01C89DCE03}.Debug|x64.ActiveCfg = Debug|x64
		{2CC96A77-E084-4128-B087-8D01C89DCE03}.Debug|x64.Build.0 = Debug|x64
		{2CC96A77-E084-4128-B087-8D01C89DCE03}.Debug|x86.ActiveCfg = Debug|Win32
		{2CC96A77-E084-4128-B087-8D01C89DCE03}.Debug|x86.Build.0 = Debug|Win32
		{2CC96A77-E084-4128-B087-8D01C89DCE03}.Release|x64.ActiveCfg = Release|x64
		{2CC96A77-E084-4128-B087-8D01C89DCE03}.Release|x64.Build.0 = Release|x64
		{2CC96A77-E084-4128-B087-8D01C89DCE03}.Release|x86.ActiveCfg = Release|Win32
		{2CC96A77-E084-4128-B087-8D01C89DCE03}.Release|x86.Build.0 = Release|Win32
		{8D519FDE-3997-452F-B014-736F4A5DE5D9}.Debug|x64.ActiveCfg = Debug|x64
		{8D519FDE-3997-452F-B014-736F4A5DE5D9}.Debug|x64.Build.0 = Debug|x64
		{8D519FDE-3997-452F-B014-736F4A5DE5D9}.Debug|x86.ActiveCfg = Debug|Win32
		{8D519FDE-3997-452F-B014-736F4A5DE5D9}.Debug|x86.Build.0 = Debug|Win32
		{8D519FDE-3997-452F-B014-736F4A5DE5D9}.Release|x64.ActiveCfg = Release|x64
		{8D519FDE-3997-452F-B014-736F4A5DE5D9}.Release|x64.Build.0 = Release|x64
		{8D519FDE-3997-452F-B014-736F4A5DE5D9}.Release|x86.ActiveCfg = Release|Win32
		{8D519FDE-3997-452F-B014-736F4A5DE5D9}.Release|x86.Build.0 = Release|Win32
		{D6FF4BD8-40FB-46EE-AAEF-D34742311A57}.Debug|x64.ActiveCfg = Debug|x64
		{D6FF4BD8-40FB-46EE-AAEF-D34742311A57}.Debug|x64.Build.0 = Debug|x64
		{D6FF4BD8-40FB-46EE-AAEF-D34742311A57}.Debug|x86.ActiveCfg = Debug|Win32
		{D6FF4BD8-40FB-46EE-AAEF-D34742311A57}.Debug|x86.Build.0 = Debug|Win32
		{D6FF4BD8-40FB-46EE-AAEF-D34742311A57}.Release|x64.ActiveCfg = Release|x64
		{D6FF4BD8-40FB-46EE-AAEF-D34742311A57}.Release|x64.Build.0 = Release|x64
		{D6FF4BD8-40FB-46EE-AAEF-D34742311A57}.Release|x86.ActiveCfg = Release|Win32
		{D6FF4BD8-40FB-46EE-AAEF-D34742311A57}.Release|x86.Build.0 = Release|Win32
		{39830516-EE7A-42D6-88C1-AF2D89DE4832}.Debug|x64.ActiveCfg = Debug|x64
		{39830516-EE7A-42D6-88C1-AF2D89DE4832}.Debug|x64.Build.0 = Debug|x64
		{39830516-EE7A-42D6-88C1-AF2D89DE4832}.Debug|x86.ActiveCfg = Debug|Win32
		{39830516-EE7A-42D6-88C1-AF2D89DE4832}.Debug|x86.Build.0 = Debug|Win32
		{39830516-EE7A-42D6-88C1-AF2D89DE4832}.Release|x64.ActiveCfg = Release|x64
		{39830516-EE7A-42D6-88C1-AF2D89DE4832}.Release|x64.Build.0 = Release|x64
		{39830516-EE7A-42D6-88C1-AF2D89DE4832}.Release|x86.ActiveCfg = Release|Win32
		{39830516-EE7A-42D6-88C1-AF2D89DE4832}.Release|x86.Build.0 = Release|Win32
	EndGlobalSection
	GlobalSection(SolutionProperties) = preSolution
		HideSolutionNode = FALSE
	EndGlobalSection
	GlobalSection(ExtensibilityGlobals) = postSolution
		SolutionGuid = {BEDA8F5B-4E68-49E7-AB3A-90A30DB1EEBE}
	EndGlobalSection
EndGlobal
