<?xml version="1.0" encoding="utf-8"?>
<Project ToolsVersion="16.0" xmlns="http://schemas.microsoft.com/developer/msbuild/2003">
  <ItemGroup>
    <ClCompile Include="D:\Downlode\assimp-5.0.1 (1)\assimp-5.0.1\contrib\gtest\src\gtest-all.cc">
      <Filter>Source Files</Filter>
    </ClCompile>
    <ClCompile Include="D:\Downlode\assimp-5.0.1 (1)\assimp-5.0.1\test\unit\CCompilerTest.c">
      <Filter>UnitTests\Compiler</Filter>
    </ClCompile>
    <ClCompile Include="D:\Downlode\assimp-5.0.1 (1)\assimp-5.0.1\test\unit\Main.cpp">
      <Filter>Source Files</Filter>
    </ClCompile>
    <ClCompile Include="D:\Downlode\assimp-5.0.1 (1)\assimp-5.0.1\code\Common\Version.cpp">
      <Filter>Source Files</Filter>
    </ClCompile>
    <ClCompile Include="D:\Downlode\assimp-5.0.1 (1)\assimp-5.0.1\test\unit\utSimd.cpp">
      <Filter>UnitTests\Common</Filter>
    </ClCompile>
    <ClCompile Include="D:\Downlode\assimp-5.0.1 (1)\assimp-5.0.1\test\unit\utIOSystem.cpp">
      <Filter>UnitTests\Common</Filter>
    </ClCompile>
    <ClCompile Include="D:\Downlode\assimp-5.0.1 (1)\assimp-5.0.1\test\unit\utIOStreamBuffer.cpp">
      <Filter>UnitTests\Common</Filter>
    </ClCompile>
    <ClCompile Include="D:\Downlode\assimp-5.0.1 (1)\assimp-5.0.1\test\unit\utIssues.cpp">
      <Filter>UnitTests\Common</Filter>
    </ClCompile>
    <ClCompile Include="D:\Downlode\assimp-5.0.1 (1)\assimp-5.0.1\test\unit\utAnim.cpp">
      <Filter>UnitTests\Common</Filter>
    </ClCompile>
    <ClCompile Include="D:\Downlode\assimp-5.0.1 (1)\assimp-5.0.1\test\unit\AssimpAPITest.cpp">
      <Filter>UnitTests\Common</Filter>
    </ClCompile>
    <ClCompile Include="D:\Downlode\assimp-5.0.1 (1)\assimp-5.0.1\test\unit\utBatchLoader.cpp">
      <Filter>UnitTests\Common</Filter>
    </ClCompile>
    <ClCompile Include="D:\Downlode\assimp-5.0.1 (1)\assimp-5.0.1\test\unit\utDefaultIOStream.cpp">
      <Filter>UnitTests\Common</Filter>
    </ClCompile>
    <ClCompile Include="D:\Downlode\assimp-5.0.1 (1)\assimp-5.0.1\test\unit\utFastAtof.cpp">
      <Filter>UnitTests\Common</Filter>
    </ClCompile>
    <ClCompile Include="D:\Downlode\assimp-5.0.1 (1)\assimp-5.0.1\test\unit\utMetadata.cpp">
      <Filter>UnitTests\Common</Filter>
    </ClCompile>
    <ClCompile Include="D:\Downlode\assimp-5.0.1 (1)\assimp-5.0.1\test\unit\SceneDiffer.cpp">
      <Filter>UnitTests\Common</Filter>
    </ClCompile>
    <ClCompile Include="D:\Downlode\assimp-5.0.1 (1)\assimp-5.0.1\test\unit\AbstractImportExportBase.cpp">
      <Filter>UnitTests\Common</Filter>
    </ClCompile>
    <ClCompile Include="D:\Downlode\assimp-5.0.1 (1)\assimp-5.0.1\test\unit\utTypes.cpp">
      <Filter>UnitTests\Common</Filter>
    </ClCompile>
    <ClCompile Include="D:\Downlode\assimp-5.0.1 (1)\assimp-5.0.1\test\unit\utVersion.cpp">
      <Filter>UnitTests\Common</Filter>
    </ClCompile>
    <ClCompile Include="D:\Downlode\assimp-5.0.1 (1)\assimp-5.0.1\test\unit\utProfiler.cpp">
      <Filter>UnitTests\Common</Filter>
    </ClCompile>
    <ClCompile Include="D:\Downlode\assimp-5.0.1 (1)\assimp-5.0.1\test\unit\utSharedPPData.cpp">
      <Filter>UnitTests\Common</Filter>
    </ClCompile>
    <ClCompile Include="D:\Downlode\assimp-5.0.1 (1)\assimp-5.0.1\test\unit\utStringUtils.cpp">
      <Filter>UnitTests\Common</Filter>
    </ClCompile>
    <ClCompile Include="D:\Downlode\assimp-5.0.1 (1)\assimp-5.0.1\test\unit\Common\utLineSplitter.cpp">
      <Filter>UnitTests\Common</Filter>
    </ClCompile>
    <ClCompile Include="D:\Downlode\assimp-5.0.1 (1)\assimp-5.0.1\test\unit\utLWSImportExport.cpp">
      <Filter>UnitTests\ImportExport</Filter>
    </ClCompile>
    <ClCompile Include="D:\Downlode\assimp-5.0.1 (1)\assimp-5.0.1\test\unit\utLWOImportExport.cpp">
      <Filter>UnitTests\ImportExport</Filter>
    </ClCompile>
    <ClCompile Include="D:\Downlode\assimp-5.0.1 (1)\assimp-5.0.1\test\unit\utSMDImportExport.cpp">
      <Filter>UnitTests\ImportExport</Filter>
    </ClCompile>
    <ClCompile Include="D:\Downlode\assimp-5.0.1 (1)\assimp-5.0.1\test\unit\utglTFImportExport.cpp">
      <Filter>UnitTests\ImportExport</Filter>
    </ClCompile>
    <ClCompile Include="D:\Downlode\assimp-5.0.1 (1)\assimp-5.0.1\test\unit\utglTF2ImportExport.cpp">
      <Filter>UnitTests\ImportExport</Filter>
    </ClCompile>
    <ClCompile Include="D:\Downlode\assimp-5.0.1 (1)\assimp-5.0.1\test\unit\utHMPImportExport.cpp">
      <Filter>UnitTests\ImportExport</Filter>
    </ClCompile>
    <ClCompile Include="D:\Downlode\assimp-5.0.1 (1)\assimp-5.0.1\test\unit\utIFCImportExport.cpp">
      <Filter>UnitTests\ImportExport</Filter>
    </ClCompile>
    <ClCompile Include="D:\Downlode\assimp-5.0.1 (1)\assimp-5.0.1\test\unit\utFBXImporterExporter.cpp">
      <Filter>UnitTests\ImportExport</Filter>
    </ClCompile>
    <ClCompile Include="D:\Downlode\assimp-5.0.1 (1)\assimp-5.0.1\test\unit\utImporter.cpp">
      <Filter>UnitTests\ImportExport</Filter>
    </ClCompile>
    <ClCompile Include="D:\Downlode\assimp-5.0.1 (1)\assimp-5.0.1\test\unit\ImportExport\utExporter.cpp">
      <Filter>UnitTests\ImportExport</Filter>
    </ClCompile>
    <ClCompile Include="D:\Downlode\assimp-5.0.1 (1)\assimp-5.0.1\test\unit\ut3DImportExport.cpp">
      <Filter>UnitTests\ImportExport</Filter>
    </ClCompile>
    <ClCompile Include="D:\Downlode\assimp-5.0.1 (1)\assimp-5.0.1\test\unit\ut3DSImportExport.cpp">
      <Filter>UnitTests\ImportExport</Filter>
    </ClCompile>
    <ClCompile Include="D:\Downlode\assimp-5.0.1 (1)\assimp-5.0.1\test\unit\utACImportExport.cpp">
      <Filter>UnitTests\ImportExport</Filter>
    </ClCompile>
    <ClCompile Include="D:\Downlode\assimp-5.0.1 (1)\assimp-5.0.1\test\unit\utAMFImportExport.cpp">
      <Filter>UnitTests\ImportExport</Filter>
    </ClCompile>
    <ClCompile Include="D:\Downlode\assimp-5.0.1 (1)\assimp-5.0.1\test\unit\utASEImportExport.cpp">
      <Filter>UnitTests\ImportExport</Filter>
    </ClCompile>
    <ClCompile Include="D:\Downlode\assimp-5.0.1 (1)\assimp-5.0.1\test\unit\utD3MFImportExport.cpp">
      <Filter>UnitTests\ImportExport</Filter>
    </ClCompile>
    <ClCompile Include="D:\Downlode\assimp-5.0.1 (1)\assimp-5.0.1\test\unit\utQ3DImportExport.cpp">
      <Filter>UnitTests\ImportExport</Filter>
    </ClCompile>
    <ClCompile Include="D:\Downlode\assimp-5.0.1 (1)\assimp-5.0.1\test\unit\utSTLImportExport.cpp">
      <Filter>UnitTests\ImportExport</Filter>
    </ClCompile>
    <ClCompile Include="D:\Downlode\assimp-5.0.1 (1)\assimp-5.0.1\test\unit\utXImporterExporter.cpp">
      <Filter>UnitTests\ImportExport</Filter>
    </ClCompile>
    <ClCompile Include="D:\Downlode\assimp-5.0.1 (1)\assimp-5.0.1\test\unit\utX3DImportExport.cpp">
      <Filter>UnitTests\ImportExport</Filter>
    </ClCompile>
    <ClCompile Include="D:\Downlode\assimp-5.0.1 (1)\assimp-5.0.1\test\unit\utDXFImporterExporter.cpp">
      <Filter>UnitTests\ImportExport</Filter>
    </ClCompile>
    <ClCompile Include="D:\Downlode\assimp-5.0.1 (1)\assimp-5.0.1\test\unit\utPMXImporter.cpp">
      <Filter>UnitTests\ImportExport</Filter>
    </ClCompile>
    <ClCompile Include="D:\Downlode\assimp-5.0.1 (1)\assimp-5.0.1\test\unit\utPLYImportExport.cpp">
      <Filter>UnitTests\ImportExport</Filter>
    </ClCompile>
    <ClCompile Include="D:\Downlode\assimp-5.0.1 (1)\assimp-5.0.1\test\unit\utObjImportExport.cpp">
      <Filter>UnitTests\ImportExport</Filter>
    </ClCompile>
    <ClCompile Include="D:\Downlode\assimp-5.0.1 (1)\assimp-5.0.1\test\unit\utObjTools.cpp">
      <Filter>UnitTests\ImportExport</Filter>
    </ClCompile>
    <ClCompile Include="D:\Downlode\assimp-5.0.1 (1)\assimp-5.0.1\test\unit\utOpenGEXImportExport.cpp">
      <Filter>UnitTests\ImportExport</Filter>
    </ClCompile>
    <ClCompile Include="D:\Downlode\assimp-5.0.1 (1)\assimp-5.0.1\test\unit\utSIBImporter.cpp">
      <Filter>UnitTests\ImportExport</Filter>
    </ClCompile>
    <ClCompile Include="D:\Downlode\assimp-5.0.1 (1)\assimp-5.0.1\test\unit\utBlenderIntermediate.cpp">
      <Filter>UnitTests\ImportExport</Filter>
    </ClCompile>
    <ClCompile Include="D:\Downlode\assimp-5.0.1 (1)\assimp-5.0.1\test\unit\utBlendImportAreaLight.cpp">
      <Filter>UnitTests\ImportExport</Filter>
    </ClCompile>
    <ClCompile Include="D:\Downlode\assimp-5.0.1 (1)\assimp-5.0.1\test\unit\utBlenderImportExport.cpp">
      <Filter>UnitTests\ImportExport</Filter>
    </ClCompile>
    <ClCompile Include="D:\Downlode\assimp-5.0.1 (1)\assimp-5.0.1\test\unit\utBlendImportMaterials.cpp">
      <Filter>UnitTests\ImportExport</Filter>
    </ClCompile>
    <ClCompile Include="D:\Downlode\assimp-5.0.1 (1)\assimp-5.0.1\test\unit\utBlenderWork.cpp">
      <Filter>UnitTests\ImportExport</Filter>
    </ClCompile>
    <ClCompile Include="D:\Downlode\assimp-5.0.1 (1)\assimp-5.0.1\test\unit\utBVHImportExport.cpp">
      <Filter>UnitTests\ImportExport</Filter>
    </ClCompile>
    <ClCompile Include="D:\Downlode\assimp-5.0.1 (1)\assimp-5.0.1\test\unit\utColladaExportCamera.cpp">
      <Filter>UnitTests\ImportExport</Filter>
    </ClCompile>
    <ClCompile Include="D:\Downlode\assimp-5.0.1 (1)\assimp-5.0.1\test\unit\utColladaExportLight.cpp">
      <Filter>UnitTests\ImportExport</Filter>
    </ClCompile>
    <ClCompile Include="D:\Downlode\assimp-5.0.1 (1)\assimp-5.0.1\test\unit\utColladaImportExport.cpp">
      <Filter>UnitTests\ImportExport</Filter>
    </ClCompile>
    <ClCompile Include="D:\Downlode\assimp-5.0.1 (1)\assimp-5.0.1\test\unit\utCSMImportExport.cpp">
      <Filter>UnitTests\ImportExport</Filter>
    </ClCompile>
    <ClCompile Include="D:\Downlode\assimp-5.0.1 (1)\assimp-5.0.1\test\unit\utB3DImportExport.cpp">
      <Filter>UnitTests\ImportExport</Filter>
    </ClCompile>
    <ClCompile Include="D:\Downlode\assimp-5.0.1 (1)\assimp-5.0.1\test\unit\utMDCImportExport.cpp">
      <Filter>UnitTests\ImportExport</Filter>
    </ClCompile>
    <ClCompile Include="D:\Downlode\assimp-5.0.1 (1)\assimp-5.0.1\test\unit\utAssbinImportExport.cpp">
      <Filter>UnitTests\ImportExport</Filter>
    </ClCompile>
    <ClCompile Include="D:\Downlode\assimp-5.0.1 (1)\assimp-5.0.1\test\unit\ImportExport\utAssjsonImportExport.cpp">
      <Filter>UnitTests\ImportExport</Filter>
    </ClCompile>
    <ClCompile Include="D:\Downlode\assimp-5.0.1 (1)\assimp-5.0.1\test\unit\ImportExport\utCOBImportExport.cpp">
      <Filter>UnitTests\ImportExport</Filter>
    </ClCompile>
    <ClCompile Include="D:\Downlode\assimp-5.0.1 (1)\assimp-5.0.1\test\unit\ImportExport\utOgreImportExport.cpp">
      <Filter>UnitTests\ImportExport</Filter>
    </ClCompile>
    <ClCompile Include="D:\Downlode\assimp-5.0.1 (1)\assimp-5.0.1\test\unit\ImportExport\utQ3BSPFileImportExport.cpp">
      <Filter>UnitTests\ImportExport</Filter>
    </ClCompile>
    <ClCompile Include="D:\Downlode\assimp-5.0.1 (1)\assimp-5.0.1\test\unit\ImportExport\utOFFImportExport.cpp">
      <Filter>UnitTests\ImportExport</Filter>
    </ClCompile>
    <ClCompile Include="D:\Downlode\assimp-5.0.1 (1)\assimp-5.0.1\test\unit\ImportExport\utNFFImportExport.cpp">
      <Filter>UnitTests\ImportExport</Filter>
    </ClCompile>
    <ClCompile Include="D:\Downlode\assimp-5.0.1 (1)\assimp-5.0.1\test\unit\ImportExport\utXGLImportExport.cpp">
      <Filter>UnitTests\ImportExport</Filter>
    </ClCompile>
    <ClCompile Include="D:\Downlode\assimp-5.0.1 (1)\assimp-5.0.1\test\unit\utMaterialSystem.cpp">
      <Filter>UnitTests\Material</Filter>
    </ClCompile>
    <ClCompile Include="D:\Downlode\assimp-5.0.1 (1)\assimp-5.0.1\test\unit\utMatrix3x3.cpp">
      <Filter>UnitTests\Math</Filter>
    </ClCompile>
    <ClCompile Include="D:\Downlode\assimp-5.0.1 (1)\assimp-5.0.1\test\unit\utMatrix4x4.cpp">
      <Filter>UnitTests\Math</Filter>
    </ClCompile>
    <ClCompile Include="D:\Downlode\assimp-5.0.1 (1)\assimp-5.0.1\test\unit\utVector3.cpp">
      <Filter>UnitTests\Math</Filter>
    </ClCompile>
    <ClCompile Include="D:\Downlode\assimp-5.0.1 (1)\assimp-5.0.1\test\unit\utImproveCacheLocality.cpp">
      <Filter>UnitTests\PostProcess</Filter>
    </ClCompile>
    <ClCompile Include="D:\Downlode\assimp-5.0.1 (1)\assimp-5.0.1\test\unit\utFixInfacingNormals.cpp">
      <Filter>UnitTests\PostProcess</Filter>
    </ClCompile>
    <ClCompile Include="D:\Downlode\assimp-5.0.1 (1)\assimp-5.0.1\test\unit\utGenNormals.cpp">
      <Filter>UnitTests\PostProcess</Filter>
    </ClCompile>
    <ClCompile Include="D:\Downlode\assimp-5.0.1 (1)\assimp-5.0.1\test\unit\utTriangulate.cpp">
      <Filter>UnitTests\PostProcess</Filter>
    </ClCompile>
    <ClCompile Include="D:\Downlode\assimp-5.0.1 (1)\assimp-5.0.1\test\unit\utTextureTransform.cpp">
      <Filter>UnitTests\PostProcess</Filter>
    </ClCompile>
    <ClCompile Include="D:\Downlode\assimp-5.0.1 (1)\assimp-5.0.1\test\unit\utRemoveRedundantMaterials.cpp">
      <Filter>UnitTests\PostProcess</Filter>
    </ClCompile>
    <ClCompile Include="D:\Downlode\assimp-5.0.1 (1)\assimp-5.0.1\test\unit\utRemoveVCProcess.cpp">
      <Filter>UnitTests\PostProcess</Filter>
    </ClCompile>
    <ClCompile Include="D:\Downlode\assimp-5.0.1 (1)\assimp-5.0.1\test\unit\utScaleProcess.cpp">
      <Filter>UnitTests\PostProcess</Filter>
    </ClCompile>
    <ClCompile Include="D:\Downlode\assimp-5.0.1 (1)\assimp-5.0.1\test\unit\utJoinVertices.cpp">
      <Filter>UnitTests\PostProcess</Filter>
    </ClCompile>
    <ClCompile Include="D:\Downlode\assimp-5.0.1 (1)\assimp-5.0.1\test\unit\utRemoveComments.cpp">
      <Filter>UnitTests\PostProcess</Filter>
    </ClCompile>
    <ClCompile Include="D:\Downlode\assimp-5.0.1 (1)\assimp-5.0.1\test\unit\utRemoveComponent.cpp">
      <Filter>UnitTests\PostProcess</Filter>
    </ClCompile>
    <ClCompile Include="D:\Downlode\assimp-5.0.1 (1)\assimp-5.0.1\test\unit\utVertexTriangleAdjacency.cpp">
      <Filter>UnitTests\PostProcess</Filter>
    </ClCompile>
    <ClCompile Include="D:\Downlode\assimp-5.0.1 (1)\assimp-5.0.1\test\unit\utSplitLargeMeshes.cpp">
      <Filter>UnitTests\PostProcess</Filter>
    </ClCompile>
    <ClCompile Include="D:\Downlode\assimp-5.0.1 (1)\assimp-5.0.1\test\unit\utFindDegenerates.cpp">
      <Filter>UnitTests\PostProcess</Filter>
    </ClCompile>
    <ClCompile Include="D:\Downlode\assimp-5.0.1 (1)\assimp-5.0.1\test\unit\utFindInvalidData.cpp">
      <Filter>UnitTests\PostProcess</Filter>
    </ClCompile>
    <ClCompile Include="D:\Downlode\assimp-5.0.1 (1)\assimp-5.0.1\test\unit\utLimitBoneWeights.cpp">
      <Filter>UnitTests\PostProcess</Filter>
    </ClCompile>
    <ClCompile Include="D:\Downlode\assimp-5.0.1 (1)\assimp-5.0.1\test\unit\utPretransformVertices.cpp">
      <Filter>UnitTests\PostProcess</Filter>
    </ClCompile>
    <ClCompile Include="D:\Downlode\assimp-5.0.1 (1)\assimp-5.0.1\test\unit\utScenePreprocessor.cpp">
      <Filter>UnitTests\PostProcess</Filter>
    </ClCompile>
    <ClCompile Include="D:\Downlode\assimp-5.0.1 (1)\assimp-5.0.1\test\unit\utTargetAnimation.cpp">
      <Filter>UnitTests\PostProcess</Filter>
    </ClCompile>
    <ClCompile Include="D:\Downlode\assimp-5.0.1 (1)\assimp-5.0.1\test\unit\utSortByPType.cpp">
      <Filter>UnitTests\PostProcess</Filter>
    </ClCompile>
    <ClCompile Include="D:\Downlode\assimp-5.0.1 (1)\assimp-5.0.1\test\unit\utSceneCombiner.cpp">
      <Filter>UnitTests\PostProcess</Filter>
    </ClCompile>
    <ClCompile Include="D:\Downlode\assimp-5.0.1 (1)\assimp-5.0.1\test\unit\utGenBoundingBoxesProcess.cpp">
      <Filter>UnitTests\PostProcess</Filter>
    </ClCompile>
  </ItemGroup>
  <ItemGroup>
    <ClInclude Include="D:\Downlode\assimp-5.0.1 (1)\assimp-5.0.1\test\unit\SceneDiffer.h">
      <Filter>UnitTests\Common</Filter>
    </ClInclude>
    <ClInclude Include="D:\Downlode\assimp-5.0.1 (1)\assimp-5.0.1\test\unit\UTLogStream.h">
      <Filter>UnitTests\Common</Filter>
    </ClInclude>
    <ClInclude Include="D:\Downlode\assimp-5.0.1 (1)\assimp-5.0.1\test\unit\TestIOSystem.h">
      <Filter>UnitTests\Common</Filter>
    </ClInclude>
    <ClInclude Include="D:\Downlode\assimp-5.0.1 (1)\assimp-5.0.1\test\unit\TestModelFactory.h">
      <Filter>UnitTests\Common</Filter>
    </ClInclude>
  </ItemGroup>
  <ItemGroup>
    <CustomBuild Include="D:\Downlode\assimp-5.0.1 (1)\assimp-5.0.1\test\CMakeLists.txt" />
  </ItemGroup>
  <ItemGroup>
    <Filter Include="Source Files">
      <UniqueIdentifier>{158F8EBD-3520-3C97-8B49-5CD94FD374E3}</UniqueIdentifier>
    </Filter>
    <Filter Include="UnitTests">
      <UniqueIdentifier>{761D06BC-B3AB-38CD-861D-C9F79D8CB5DD}</UniqueIdentifier>
    </Filter>
    <Filter Include="UnitTests\Common">
      <UniqueIdentifier>{F025937D-E9EF-36B1-8368-1A1D615BCC36}</UniqueIdentifier>
    </Filter>
    <Filter Include="UnitTests\Compiler">
      <UniqueIdentifier>{7CF288C3-70D3-32BA-B320-91AB34EF4524}</UniqueIdentifier>
    </Filter>
    <Filter Include="UnitTests\ImportExport">
      <UniqueIdentifier>{12318F08-D16D-3AFB-98B8-19C0C02CD9AF}</UniqueIdentifier>
    </Filter>
    <Filter Include="UnitTests\Material">
      <UniqueIdentifier>{FD7526DB-DAC9-3587-BB48-04521419D11A}</UniqueIdentifier>
    </Filter>
    <Filter Include="UnitTests\Math">
      <UniqueIdentifier>{09A8C8E2-DAFF-31F4-A085-061B073144CC}</UniqueIdentifier>
    </Filter>
    <Filter Include="UnitTests\PostProcess">
      <UniqueIdentifier>{6898E8D7-CF65-3CBB-926D-773ACBF49434}</UniqueIdentifier>
    </Filter>
  </ItemGroup>
</Project>
