<?xml version="1.0" encoding="utf-8"?>
<Project ToolsVersion="16.0" xmlns="http://schemas.microsoft.com/developer/msbuild/2003">
  <ItemGroup>
    <CustomBuild Include="D:\LearnOpenGL\include\temp\CMakeFiles\e14a55696d00bdbdbf2763d5171914e2\INSTALL_force.rule">
      <Filter>CMake Rules</Filter>
    </CustomBuild>
  </ItemGroup>
  <ItemGroup>
    <Filter Include="CMake Rules">
      <UniqueIdentifier>{B3644E10-2177-3D72-9FA7-4CAD9FDF433D}</UniqueIdentifier>
    </Filter>
  </ItemGroup>
</Project>
